FORGE
  remote: http://forge.puppetlabs.com
  specs:
    akumria/postgresql (1.1.1)
      puppetlabs/stdlib (>= 2.3.1)
    puppetlabs/stdlib (4.1.0)

GIT
  remote: git://github.com/stankevich/puppet-python.git
  ref: master
  sha: cd190e9601b62db33b6451cce3079596dadd1383
  specs:
    python (1.0.0)

DEPENDENCIES
  akumria/postgresql (>= 0)
  python (>= 0)

